
Microsoft Visual Studio Solution File, Format Version 12.00
# Visual Studio Version 17
VisualStudioVersion = 17.0.31903.59
MinimumVisualStudioVersion = 10.0.40219.1
Project("{FAE04EC0-301F-11D3-BF4B-00C04F79EFBC}") = "BooksRus", "BooksRus\BooksRus.csproj", "{37278DA1-55C6-4DDE-B5A9-DD9DC2EDF640}"
EndProject
Project("{FAE04EC0-301F-11D3-BF4B-00C04F79EFBC}") = "BooksRus.Tests", "BooksRus.Tests\BooksRus.Tests.csproj", "{C2F033D0-EA24-486F-9EB5-A41FD61ADB92}"
EndProject
Global
	GlobalSection(SolutionConfigurationPlatforms) = preSolution
		Debug|Any CPU = Debug|Any CPU
		Release|Any CPU = Release|Any CPU
	EndGlobalSection
	GlobalSection(SolutionProperties) = preSolution
		HideSolutionNode = FALSE
	EndGlobalSection
	GlobalSection(ProjectConfigurationPlatforms) = postSolution
		{37278DA1-55C6-4DDE-B5A9-DD9DC2EDF640}.Debug|Any CPU.ActiveCfg = Debug|Any CPU
		{37278DA1-55C6-4DDE-B5A9-DD9DC2EDF640}.Debug|Any CPU.Build.0 = Debug|Any CPU
		{37278DA1-55C6-4DDE-B5A9-DD9DC2EDF640}.Release|Any CPU.ActiveCfg = Release|Any CPU
		{37278DA1-55C6-4DDE-B5A9-DD9DC2EDF640}.Release|Any CPU.Build.0 = Release|Any CPU
		{C2F033D0-EA24-486F-9EB5-A41FD61ADB92}.Debug|Any CPU.ActiveCfg = Debug|Any CPU
		{C2F033D0-EA24-486F-9EB5-A41FD61ADB92}.Debug|Any CPU.Build.0 = Debug|Any CPU
		{C2F033D0-EA24-486F-9EB5-A41FD61ADB92}.Release|Any CPU.ActiveCfg = Release|Any CPU
		{C2F033D0-EA24-486F-9EB5-A41FD61ADB92}.Release|Any CPU.Build.0 = Release|Any CPU
	EndGlobalSection
EndGlobal
